// !$*UTF8*$!
{
	archiveVersion = 1;
	classes = {
	};
	objectVersion = 46;
	objects = {

/* Begin PBXBuildFile section */
		4E7A46BF1BEC3C4400513F49 /* main.m in Sources */ = {isa = PBXBuildFile; fileRef = 4E7A46BE1BEC3C4400513F49 /* main.m */; };
		4E7A46C21BEC3C4400513F49 /* AppDelegate.m in Sources */ = {isa = PBXBuildFile; fileRef = 4E7A46C11BEC3C4400513F49 /* AppDelegate.m */; };
		4E7A46C51BEC3C4400513F49 /* ViewController.m in Sources */ = {isa = PBXBuildFile; fileRef = 4E7A46C41BEC3C4400513F49 /* ViewController.m */; };
		4E7A46C81BEC3C4400513F49 /* Main.storyboard in Resources */ = {isa = PBXBuildFile; fileRef = 4E7A46C61BEC3C4400513F49 /* Main.storyboard */; };
		4E7A46CA1BEC3C4400513F49 /* Assets.xcassets in Resources */ = {isa = PBXBuildFile; fileRef = 4E7A46C91BEC3C4400513F49 /* Assets.xcassets */; };
		4E7A46CD1BEC3C4400513F49 /* LaunchScreen.storyboard in Resources */ = {isa = PBXBuildFile; fileRef = 4E7A46CB1BEC3C4400513F49 /* LaunchScreen.storyboard */; };
		4E7A46D81BEC3C4400513F49 /* _____domeTests.m in Sources */ = {isa = PBXBuildFile; fileRef = 4E7A46D71BEC3C4400513F49 /* _____domeTests.m */; };
		4E7A46E31BEC3C4400513F49 /* _____domeUITests.m in Sources */ = {isa = PBXBuildFile; fileRef = 4E7A46E21BEC3C4400513F49 /* _____domeUITests.m */; };
		4E7A46F21BEC464800513F49 /* LockViewController.m in Sources */ = {isa = PBXBuildFile; fileRef = 4E7A46F11BEC464800513F49 /* LockViewController.m */; settings = {ASSET_TAGS = (); }; };
		4E7A46F51BEC4DAB00513F49 /* NNLockView.m in Sources */ = {isa = PBXBuildFile; fileRef = 4E7A46F41BEC4DAB00513F49 /* NNLockView.m */; settings = {ASSET_TAGS = (); }; };
		4E7A46FA1BEC4F3C00513F49 /* YLSwipeLockView.m in Sources */ = {isa = PBXBuildFile; fileRef = 4E7A46F71BEC4F3C00513F49 /* YLSwipeLockView.m */; settings = {ASSET_TAGS = (); }; };
		4E7A46FB1BEC4F3C00513F49 /* YLSwipeLockNodeView.m in Sources */ = {isa = PBXBuildFile; fileRef = 4E7A46F91BEC4F3C00513F49 /* YLSwipeLockNodeView.m */; settings = {ASSET_TAGS = (); }; };
/* End PBXBuildFile section */

/* Begin PBXContainerItemProxy section */
		4E7A46D41BEC3C4400513F49 /* PBXContainerItemProxy */ = {
			isa = PBXContainerItemProxy;
			containerPortal = 4E7A46B21BEC3C4400513F49 /* Project object */;
			proxyType = 1;
			remoteGlobalIDString = 4E7A46B91BEC3C4400513F49;
			remoteInfo = "安全密码的dome";
		};
		4E7A46DF1BEC3C4400513F49 /* PBXContainerItemProxy */ = {
			isa = PBXContainerItemProxy;
			containerPortal = 4E7A46B21BEC3C4400513F49 /* Project object */;
			proxyType = 1;
			remoteGlobalIDString = 4E7A46B91BEC3C4400513F49;
			remoteInfo = "安全密码的dome";
		};
/* End PBXContainerItemProxy section */

/* Begin PBXFileReference section */
		4E7A46BA1BEC3C4400513F49 /* 安全密码的dome.app */ = {isa = PBXFileReference; explicitFileType = wrapper.application; includeInIndex = 0; path = "安全密码的dome.app"; sourceTree = BUILT_PRODUCTS_DIR; };
		4E7A46BE1BEC3C4400513F49 /* main.m */ = {isa = PBXFileReference; lastKnownFileType = sourcecode.c.objc; path = main.m; sourceTree = "<group>"; };
		4E7A46C01BEC3C4400513F49 /* AppDelegate.h */ = {isa = PBXFileReference; lastKnownFileType = sourcecode.c.h; path = AppDelegate.h; sourceTree = "<group>"; };
		4E7A46C11BEC3C4400513F49 /* AppDelegate.m */ = {isa = PBXFileReference; lastKnownFileType = sourcecode.c.objc; path = AppDelegate.m; sourceTree = "<group>"; };
		4E7A46C31BEC3C4400513F49 /* ViewController.h */ = {isa = PBXFileReference; lastKnownFileType = sourcecode.c.h; path = ViewController.h; sourceTree = "<group>"; };
		4E7A46C41BEC3C4400513F49 /* ViewController.m */ = {isa = PBXFileReference; lastKnownFileType = sourcecode.c.objc; path = ViewController.m; sourceTree = "<group>"; };
		4E7A46C71BEC3C4400513F49 /* Base */ = {isa = PBXFileReference; lastKnownFileType = file.storyboard; name = Base; path = Base.lproj/Main.storyboard; sourceTree = "<group>"; };
		4E7A46C91BEC3C4400513F49 /* Assets.xcassets */ = {isa = PBXFileReference; lastKnownFileType = folder.assetcatalog; path = Assets.xcassets; sourceTree = "<group>"; };
		4E7A46CC1BEC3C4400513F49 /* Base */ = {isa = PBXFileReference; lastKnownFileType = file.storyboard; name = Base; path = Base.lproj/LaunchScreen.storyboard; sourceTree = "<group>"; };
		4E7A46CE1BEC3C4400513F49 /* Info.plist */ = {isa = PBXFileReference; lastKnownFileType = text.plist.xml; path = Info.plist; sourceTree = "<group>"; };
		4E7A46D31BEC3C4400513F49 /* 安全密码的domeTests.xctest */ = {isa = PBXFileReference; explicitFileType = wrapper.cfbundle; includeInIndex = 0; path = "安全密码的domeTests.xctest"; sourceTree = BUILT_PRODUCTS_DIR; };
		4E7A46D71BEC3C4400513F49 /* _____domeTests.m */ = {isa = PBXFileReference; lastKnownFileType = sourcecode.c.objc; path = "_____domeTests.m"; sourceTree = "<group>"; };
		4E7A46D91BEC3C4400513F49 /* Info.plist */ = {isa = PBXFileReference; lastKnownFileType = text.plist.xml; path = Info.plist; sourceTree = "<group>"; };
		4E7A46DE1BEC3C4400513F49 /* 安全密码的domeUITests.xctest */ = {isa = PBXFileReference; explicitFileType = wrapper.cfbundle; includeInIndex = 0; path = "安全密码的domeUITests.xctest"; sourceTree = BUILT_PRODUCTS_DIR; };
		4E7A46E21BEC3C4400513F49 /* _____domeUITests.m */ = {isa = PBXFileReference; lastKnownFileType = sourcecode.c.objc; path = "_____domeUITests.m"; sourceTree = "<group>"; };
		4E7A46E41BEC3C4400513F49 /* Info.plist */ = {isa = PBXFileReference; lastKnownFileType = text.plist.xml; path = Info.plist; sourceTree = "<group>"; };
		4E7A46F01BEC464800513F49 /* LockViewController.h */ = {isa = PBXFileReference; fileEncoding = 4; lastKnownFileType = sourcecode.c.h; path = LockViewController.h; sourceTree = "<group>"; };
		4E7A46F11BEC464800513F49 /* LockViewController.m */ = {isa = PBXFileReference; fileEncoding = 4; lastKnownFileType = sourcecode.c.objc; path = LockViewController.m; sourceTree = "<group>"; };
		4E7A46F31BEC4DAB00513F49 /* NNLockView.h */ = {isa = PBXFileReference; fileEncoding = 4; lastKnownFileType = sourcecode.c.h; path = NNLockView.h; sourceTree = "<group>"; };
		4E7A46F41BEC4DAB00513F49 /* NNLockView.m */ = {isa = PBXFileReference; fileEncoding = 4; lastKnownFileType = sourcecode.c.objc; path = NNLockView.m; sourceTree = "<group>"; };
		4E7A46F61BEC4F3C00513F49 /* YLSwipeLockView.h */ = {isa = PBXFileReference; fileEncoding = 4; lastKnownFileType = sourcecode.c.h; path = YLSwipeLockView.h; sourceTree = "<group>"; };
		4E7A46F71BEC4F3C00513F49 /* YLSwipeLockView.m */ = {isa = PBXFileReference; fileEncoding = 4; lastKnownFileType = sourcecode.c.objc; path = YLSwipeLockView.m; sourceTree = "<group>"; };
		4E7A46F81BEC4F3C00513F49 /* YLSwipeLockNodeView.h */ = {isa = PBXFileReference; fileEncoding = 4; lastKnownFileType = sourcecode.c.h; path = YLSwipeLockNodeView.h; sourceTree = "<group>"; };
		4E7A46F91BEC4F3C00513F49 /* YLSwipeLockNodeView.m */ = {isa = PBXFileReference; fileEncoding = 4; lastKnownFileType = sourcecode.c.objc; path = YLSwipeLockNodeView.m; sourceTree = "<group>"; };
/* End PBXFileReference section */

/* Begin PBXFrameworksBuildPhase section */
		4E7A46B71BEC3C4400513F49 /* Frameworks */ = {
			isa = PBXFrameworksBuildPhase;
			buildActionMask = 2147483647;
			files = (
			);
			runOnlyForDeploymentPostprocessing = 0;
		};
		4E7A46D01BEC3C4400513F49 /* Frameworks */ = {
			isa = PBXFrameworksBuildPhase;
			buildActionMask = 2147483647;
			files = (
			);
			runOnlyForDeploymentPostprocessing = 0;
		};
		4E7A46DB1BEC3C4400513F49 /* Frameworks */ = {
			isa = PBXFrameworksBuildPhase;
			buildActionMask = 2147483647;
			files = (
			);
			runOnlyForDeploymentPostprocessing = 0;
		};
/* End PBXFrameworksBuildPhase section */

/* Begin PBXGroup section */
		4E7A46B11BEC3C4400513F49 = {
			isa = PBXGroup;
			children = (
				4E7A46BC1BEC3C4400513F49 /* 安全密码的dome */,
				4E7A46D61BEC3C4400513F49 /* 安全密码的domeTests */,
				4E7A46E11BEC3C4400513F49 /* 安全密码的domeUITests */,
				4E7A46BB1BEC3C4400513F49 /* Products */,
			);
			sourceTree = "<group>";
		};
		4E7A46BB1BEC3C4400513F49 /* Products */ = {
			isa = PBXGroup;
			children = (
				4E7A46BA1BEC3C4400513F49 /* 安全密码的dome.app */,
				4E7A46D31BEC3C4400513F49 /* 安全密码的domeTests.xctest */,
				4E7A46DE1BEC3C4400513F49 /* 安全密码的domeUITests.xctest */,
			);
			name = Products;
			sourceTree = "<group>";
		};
		4E7A46BC1BEC3C4400513F49 /* 安全密码的dome */ = {
			isa = PBXGroup;
			children = (
				4E7A46C01BEC3C4400513F49 /* AppDelegate.h */,
				4E7A46C11BEC3C4400513F49 /* AppDelegate.m */,
				4E7A46C31BEC3C4400513F49 /* ViewController.h */,
				4E7A46C41BEC3C4400513F49 /* ViewController.m */,
				4E7A46F01BEC464800513F49 /* LockViewController.h */,
				4E7A46F11BEC464800513F49 /* LockViewController.m */,
				4E7A46F61BEC4F3C00513F49 /* YLSwipeLockView.h */,
				4E7A46F71BEC4F3C00513F49 /* YLSwipeLockView.m */,
				4E7A46F81BEC4F3C00513F49 /* YLSwipeLockNodeView.h */,
				4E7A46F91BEC4F3C00513F49 /* YLSwipeLockNodeView.m */,
				4E7A46F31BEC4DAB00513F49 /* NNLockView.h */,
				4E7A46F41BEC4DAB00513F49 /* NNLockView.m */,
				4E7A46C61BEC3C4400513F49 /* Main.storyboard */,
				4E7A46C91BEC3C4400513F49 /* Assets.xcassets */,
				4E7A46CB1BEC3C4400513F49 /* LaunchScreen.storyboard */,
				4E7A46CE1BEC3C4400513F49 /* Info.plist */,
				4E7A46BD1BEC3C4400513F49 /* Supporting Files */,
			);
			path = "安全密码的dome";
			sourceTree = "<group>";
		};
		4E7A46BD1BEC3C4400513F49 /* Supporting Files */ = {
			isa = PBXGroup;
			children = (
				4E7A46BE1BEC3C4400513F49 /* main.m */,
			);
			name = "Supporting Files";
			sourceTree = "<group>";
		};
		4E7A46D61BEC3C4400513F49 /* 安全密码的domeTests */ = {
			isa = PBXGroup;
			children = (
				4E7A46D71BEC3C4400513F49 /* _____domeTests.m */,
				4E7A46D91BEC3C4400513F49 /* Info.plist */,
			);
			path = "安全密码的domeTests";
			sourceTree = "<group>";
		};
		4E7A46E11BEC3C4400513F49 /* 安全密码的domeUITests */ = {
			isa = PBXGroup;
			children = (
				4E7A46E21BEC3C4400513F49 /* _____domeUITests.m */,
				4E7A46E41BEC3C4400513F49 /* Info.plist */,
			);
			path = "安全密码的domeUITests";
			sourceTree = "<group>";
		};
/* End PBXGroup section */

/* Begin PBXNativeTarget section */
		4E7A46B91BEC3C4400513F49 /* 安全密码的dome */ = {
			isa = PBXNativeTarget;
			buildConfigurationList = 4E7A46E71BEC3C4400513F49 /* Build configuration list for PBXNativeTarget "安全密码的dome" */;
			buildPhases = (
				4E7A46B61BEC3C4400513F49 /* Sources */,
				4E7A46B71BEC3C4400513F49 /* Frameworks */,
				4E7A46B81BEC3C4400513F49 /* Resources */,
			);
			buildRules = (
			);
			dependencies = (
			);
			name = "安全密码的dome";
			productName = "安全密码的dome";
			productReference = 4E7A46BA1BEC3C4400513F49 /* 安全密码的dome.app */;
			productType = "com.apple.product-type.application";
		};
		4E7A46D21BEC3C4400513F49 /* 安全密码的domeTests */ = {
			isa = PBXNativeTarget;
			buildConfigurationList = 4E7A46EA1BEC3C4400513F49 /* Build configuration list for PBXNativeTarget "安全密码的domeTests" */;
			buildPhases = (
				4E7A46CF1BEC3C4400513F49 /* Sources */,
				4E7A46D01BEC3C4400513F49 /* Frameworks */,
				4E7A46D11BEC3C4400513F49 /* Resources */,
			);
			buildRules = (
			);
			dependencies = (
				4E7A46D51BEC3C4400513F49 /* PBXTargetDependency */,
			);
			name = "安全密码的domeTests";
			productName = "安全密码的domeTests";
			productReference = 4E7A46D31BEC3C4400513F49 /* 安全密码的domeTests.xctest */;
			productType = "com.apple.product-type.bundle.unit-test";
		};
		4E7A46DD1BEC3C4400513F49 /* 安全密码的domeUITests */ = {
			isa = PBXNativeTarget;
			buildConfigurationList = 4E7A46ED1BEC3C4400513F49 /* Build configuration list for PBXNativeTarget "安全密码的domeUITests" */;
			buildPhases = (
				4E7A46DA1BEC3C4400513F49 /* Sources */,
				4E7A46DB1BEC3C4400513F49 /* Frameworks */,
				4E7A46DC1BEC3C4400513F49 /* Resources */,
			);
			buildRules = (
			);
			dependencies = (
				4E7A46E01BEC3C4400513F49 /* PBXTargetDependency */,
			);
			name = "安全密码的domeUITests";
			productName = "安全密码的domeUITests";
			productReference = 4E7A46DE1BEC3C4400513F49 /* 安全密码的domeUITests.xctest */;
			productType = "com.apple.product-type.bundle.ui-testing";
		};
/* End PBXNativeTarget section */

/* Begin PBXProject section */
		4E7A46B21BEC3C4400513F49 /* Project object */ = {
			isa = PBXProject;
			attributes = {
				LastUpgradeCheck = 0700;
				ORGANIZATIONNAME = public;
				TargetAttributes = {
					4E7A46B91BEC3C4400513F49 = {
						CreatedOnToolsVersion = 7.0;
						DevelopmentTeam = WS5Y72B4CU;
					};
					4E7A46D21BEC3C4400513F49 = {
						CreatedOnToolsVersion = 7.0;
						DevelopmentTeam = WS5Y72B4CU;
						TestTargetID = 4E7A46B91BEC3C4400513F49;
					};
					4E7A46DD1BEC3C4400513F49 = {
						CreatedOnToolsVersion = 7.0;
						DevelopmentTeam = WS5Y72B4CU;
						TestTargetID = 4E7A46B91BEC3C4400513F49;
					};
				};
			};
			buildConfigurationList = 4E7A46B51BEC3C4400513F49 /* Build configuration list for PBXProject "安全密码的dome" */;
			compatibilityVersion = "Xcode 3.2";
			developmentRegion = English;
			hasScannedForEncodings = 0;
			knownRegions = (
				en,
				Base,
			);
			mainGroup = 4E7A46B11BEC3C4400513F49;
			productRefGroup = 4E7A46BB1BEC3C4400513F49 /* Products */;
			projectDirPath = "";
			projectRoot = "";
			targets = (
				4E7A46B91BEC3C4400513F49 /* 安全密码的dome */,
				4E7A46D21BEC3C4400513F49 /* 安全密码的domeTests */,
				4E7A46DD1BEC3C4400513F49 /* 安全密码的domeUITests */,
			);
		};
/* End PBXProject section */

/* Begin PBXResourcesBuildPhase section */
		4E7A46B81BEC3C4400513F49 /* Resources */ = {
			isa = PBXResourcesBuildPhase;
			buildActionMask = 2147483647;
			files = (
				4E7A46CD1BEC3C4400513F49 /* LaunchScreen.storyboard in Resources */,
				4E7A46CA1BEC3C4400513F49 /* Assets.xcassets in Resources */,
				4E7A46C81BEC3C4400513F49 /* Main.storyboard in Resources */,
			);
			runOnlyForDeploymentPostprocessing = 0;
		};
		4E7A46D11BEC3C4400513F49 /* Resources */ = {
			isa = PBXResourcesBuildPhase;
			buildActionMask = 2147483647;
			files = (
			);
			runOnlyForDeploymentPostprocessing = 0;
		};
		4E7A46DC1BEC3C4400513F49 /* Resources */ = {
			isa = PBXResourcesBuildPhase;
			buildActionMask = 2147483647;
			files = (
			);
			runOnlyForDeploymentPostprocessing = 0;
		};
/* End PBXResourcesBuildPhase section */

/* Begin PBXSourcesBuildPhase section */
		4E7A46B61BEC3C4400513F49 /* Sources */ = {
			isa = PBXSourcesBuildPhase;
			buildActionMask = 2147483647;
			files = (
				4E7A46C51BEC3C4400513F49 /* ViewController.m in Sources */,
				4E7A46FB1BEC4F3C00513F49 /* YLSwipeLockNodeView.m in Sources */,
				4E7A46C21BEC3C4400513F49 /* AppDelegate.m in Sources */,
				4E7A46BF1BEC3C4400513F49 /* main.m in Sources */,
				4E7A46F51BEC4DAB00513F49 /* NNLockView.m in Sources */,
				4E7A46F21BEC464800513F49 /* LockViewController.m in Sources */,
				4E7A46FA1BEC4F3C00513F49 /* YLSwipeLockView.m in Sources */,
			);
			runOnlyForDeploymentPostprocessing = 0;
		};
		4E7A46CF1BEC3C4400513F49 /* Sources */ = {
			isa = PBXSourcesBuildPhase;
			buildActionMask = 2147483647;
			files = (
				4E7A46D81BEC3C4400513F49 /* _____domeTests.m in Sources */,
			);
			runOnlyForDeploymentPostprocessing = 0;
		};
		4E7A46DA1BEC3C4400513F49 /* Sources */ = {
			isa = PBXSourcesBuildPhase;
			buildActionMask = 2147483647;
			files = (
				4E7A46E31BEC3C4400513F49 /* _____domeUITests.m in Sources */,
			);
			runOnlyForDeploymentPostprocessing = 0;
		};
/* End PBXSourcesBuildPhase section */

/* Begin PBXTargetDependency section */
		4E7A46D51BEC3C4400513F49 /* PBXTargetDependency */ = {
			isa = PBXTargetDependency;
			target = 4E7A46B91BEC3C4400513F49 /* 安全密码的dome */;
			targetProxy = 4E7A46D41BEC3C4400513F49 /* PBXContainerItemProxy */;
		};
		4E7A46E01BEC3C4400513F49 /* PBXTargetDependency */ = {
			isa = PBXTargetDependency;
			target = 4E7A46B91BEC3C4400513F49 /* 安全密码的dome */;
			targetProxy = 4E7A46DF1BEC3C4400513F49 /* PBXContainerItemProxy */;
		};
/* End PBXTargetDependency section */

/* Begin PBXVariantGroup section */
		4E7A46C61BEC3C4400513F49 /* Main.storyboard */ = {
			isa = PBXVariantGroup;
			children = (
				4E7A46C71BEC3C4400513F49 /* Base */,
			);
			name = Main.storyboard;
			sourceTree = "<group>";
		};
		4E7A46CB1BEC3C4400513F49 /* LaunchScreen.storyboard */ = {
			isa = PBXVariantGroup;
			children = (
				4E7A46CC1BEC3C4400513F49 /* Base */,
			);
			name = LaunchScreen.storyboard;
			sourceTree = "<group>";
		};
/* End PBXVariantGroup section */

/* Begin XCBuildConfiguration section */
		4E7A46E51BEC3C4400513F49 /* Debug */ = {
			isa = XCBuildConfiguration;
			buildSettings = {
				ALWAYS_SEARCH_USER_PATHS = NO;
				CLANG_CXX_LANGUAGE_STANDARD = "gnu++0x";
				CLANG_CXX_LIBRARY = "libc++";
				CLANG_ENABLE_MODULES = YES;
				CLANG_ENABLE_OBJC_ARC = YES;
				CLANG_WARN_BOOL_CONVERSION = YES;
				CLANG_WARN_CONSTANT_CONVERSION = YES;
				CLANG_WARN_DIRECT_OBJC_ISA_USAGE = YES_ERROR;
				CLANG_WARN_EMPTY_BODY = YES;
				CLANG_WARN_ENUM_CONVERSION = YES;
				CLANG_WARN_INT_CONVERSION = YES;
				CLANG_WARN_OBJC_ROOT_CLASS = YES_ERROR;
				CLANG_WARN_UNREACHABLE_CODE = YES;
				CLANG_WARN__DUPLICATE_METHOD_MATCH = YES;
				"CODE_SIGN_IDENTITY[sdk=iphoneos*]" = "iPhone Developer";
				COPY_PHASE_STRIP = NO;
				DEBUG_INFORMATION_FORMAT = dwarf;
				ENABLE_STRICT_OBJC_MSGSEND = YES;
				ENABLE_TESTABILITY = YES;
				GCC_C_LANGUAGE_STANDARD = gnu99;
				GCC_DYNAMIC_NO_PIC = NO;
				GCC_NO_COMMON_BLOCKS = YES;
				GCC_OPTIMIZATION_LEVEL = 0;
				GCC_PREPROCESSOR_DEFINITIONS = (
					"DEBUG=1",
					"$(inherited)",
				);
				GCC_WARN_64_TO_32_BIT_CONVERSION = YES;
				GCC_WARN_ABOUT_RETURN_TYPE = YES_ERROR;
				GCC_WARN_UNDECLARED_SELECTOR = YES;
				GCC_WARN_UNINITIALIZED_AUTOS = YES_AGGRESSIVE;
				GCC_WARN_UNUSED_FUNCTION = YES;
				GCC_WARN_UNUSED_VARIABLE = YES;
				IPHONEOS_DEPLOYMENT_TARGET = 9.0;
				MTL_ENABLE_DEBUG_INFO = YES;
				ONLY_ACTIVE_ARCH = YES;
				SDKROOT = iphoneos;
			};
			name = Debug;
		};
		4E7A46E61BEC3C4400513F49 /* Release */ = {
			isa = XCBuildConfiguration;
			buildSettings = {
				ALWAYS_SEARCH_USER_PATHS = NO;
				CLANG_CXX_LANGUAGE_STANDARD = "gnu++0x";
				CLANG_CXX_LIBRARY = "libc++";
				CLANG_ENABLE_MODULES = YES;
				CLANG_ENABLE_OBJC_ARC = YES;
				CLANG_WARN_BOOL_CONVERSION = YES;
				CLANG_WARN_CONSTANT_CONVERSION = YES;
				CLANG_WARN_DIRECT_OBJC_ISA_USAGE = YES_ERROR;
				CLANG_WARN_EMPTY_BODY = YES;
				CLANG_WARN_ENUM_CONVERSION = YES;
				CLANG_WARN_INT_CONVERSION = YES;
				CLANG_WARN_OBJC_ROOT_CLASS = YES_ERROR;
				CLANG_WARN_UNREACHABLE_CODE = YES;
				CLANG_WARN__DUPLICATE_METHOD_MATCH = YES;
				"CODE_SIGN_IDENTITY[sdk=iphoneos*]" = "iPhone Developer";
				COPY_PHASE_STRIP = NO;
				DEBUG_INFORMATION_FORMAT = "dwarf-with-dsym";
				ENABLE_NS_ASSERTIONS = NO;
				ENABLE_STRICT_OBJC_MSGSEND = YES;
				GCC_C_LANGUAGE_STANDARD = gnu99;
				GCC_NO_COMMON_BLOCKS = YES;
				GCC_WARN_64_TO_32_BIT_CONVERSION = YES;
				GCC_WARN_ABOUT_RETURN_TYPE = YES_ERROR;
				GCC_WARN_UNDECLARED_SELECTOR = YES;
				GCC_WARN_UNINITIALIZED_AUTOS = YES_AGGRESSIVE;
				GCC_WARN_UNUSED_FUNCTION = YES;
				GCC_WARN_UNUSED_VARIABLE = YES;
				IPHONEOS_DEPLOYMENT_TARGET = 9.0;
				MTL_ENABLE_DEBUG_INFO = NO;
				SDKROOT = iphoneos;
				VALIDATE_PRODUCT = YES;
			};
			name = Release;
		};
		4E7A46E81BEC3C4400513F49 /* Debug */ = {
			isa = XCBuildConfiguration;
			buildSettings = {
				ASSETCATALOG_COMPILER_APPICON_NAME = AppIcon;
				INFOPLIST_FILE = "安全密码的dome/Info.plist";
				LD_RUNPATH_SEARCH_PATHS = "$(inherited) @executable_path/Frameworks";
				PRODUCT_BUNDLE_IDENTIFIER = "NT.-----dome";
				PRODUCT_NAME = "$(TARGET_NAME)";
			};
			name = Debug;
		};
		4E7A46E91BEC3C4400513F49 /* Release */ = {
			isa = XCBuildConfiguration;
			buildSettings = {
				ASSETCATALOG_COMPILER_APPICON_NAME = AppIcon;
				INFOPLIST_FILE = "安全密码的dome/Info.plist";
				LD_RUNPATH_SEARCH_PATHS = "$(inherited) @executable_path/Frameworks";
				PRODUCT_BUNDLE_IDENTIFIER = "NT.-----dome";
				PRODUCT_NAME = "$(TARGET_NAME)";
			};
			name = Release;
		};
		4E7A46EB1BEC3C4400513F49 /* Debug */ = {
			isa = XCBuildConfiguration;
			buildSettings = {
				BUNDLE_LOADER = "$(TEST_HOST)";
				INFOPLIST_FILE = "安全密码的domeTests/Info.plist";
				LD_RUNPATH_SEARCH_PATHS = "$(inherited) @executable_path/Frameworks @loader_path/Frameworks";
				PRODUCT_BUNDLE_IDENTIFIER = "NT.-----domeTests";
				PRODUCT_NAME = "$(TARGET_NAME)";
				TEST_HOST = "$(BUILT_PRODUCTS_DIR)/安全密码的dome.app/安全密码的dome";
			};
			name = Debug;
		};
		4E7A46EC1BEC3C4400513F49 /* Release */ = {
			isa = XCBuildConfiguration;
			buildSettings = {
				BUNDLE_LOADER = "$(TEST_HOST)";
				INFOPLIST_FILE = "安全密码的domeTests/Info.plist";
				LD_RUNPATH_SEARCH_PATHS = "$(inherited) @executable_path/Frameworks @loader_path/Frameworks";
				PRODUCT_BUNDLE_IDENTIFIER = "NT.-----domeTests";
				PRODUCT_NAME = "$(TARGET_NAME)";
				TEST_HOST = "$(BUILT_PRODUCTS_DIR)/安全密码的dome.app/安全密码的dome";
			};
			name = Release;
		};
		4E7A46EE1BEC3C4400513F49 /* Debug */ = {
			isa = XCBuildConfiguration;
			buildSettings = {
				INFOPLIST_FILE = "安全密码的domeUITests/Info.plist";
				LD_RUNPATH_SEARCH_PATHS = "$(inherited) @executable_path/Frameworks @loader_path/Frameworks";
				PRODUCT_BUNDLE_IDENTIFIER = "NT.-----domeUITests";
				PRODUCT_NAME = "$(TARGET_NAME)";
				TEST_TARGET_NAME = "安全密码的dome";
				USES_XCTRUNNER = YES;
			};
			name = Debug;
		};
		4E7A46EF1BEC3C4400513F49 /* Release */ = {
			isa = XCBuildConfiguration;
			buildSettings = {
				INFOPLIST_FILE = "安全密码的domeUITests/Info.plist";
				LD_RUNPATH_SEARCH_PATHS = "$(inherited) @executable_path/Frameworks @loader_path/Frameworks";
				PRODUCT_BUNDLE_IDENTIFIER = "NT.-----domeUITests";
				PRODUCT_NAME = "$(TARGET_NAME)";
				TEST_TARGET_NAME = "安全密码的dome";
				USES_XCTRUNNER = YES;
			};
			name = Release;
		};
/* End XCBuildConfiguration section */

/* Begin XCConfigurationList section */
		4E7A46B51BEC3C4400513F49 /* Build configuration list for PBXProject "安全密码的dome" */ = {
			isa = XCConfigurationList;
			buildConfigurations = (
				4E7A46E51BEC3C4400513F49 /* Debug */,
				4E7A46E61BEC3C4400513F49 /* Release */,
			);
			defaultConfigurationIsVisible = 0;
			defaultConfigurationName = Release;
		};
		4E7A46E71BEC3C4400513F49 /* Build configuration list for PBXNativeTarget "安全密码的dome" */ = {
			isa = XCConfigurationList;
			buildConfigurations = (
				4E7A46E81BEC3C4400513F49 /* Debug */,
				4E7A46E91BEC3C4400513F49 /* Release */,
			);
			defaultConfigurationIsVisible = 0;
			defaultConfigurationName = Release;
		};
		4E7A46EA1BEC3C4400513F49 /* Build configuration list for PBXNativeTarget "安全密码的domeTests" */ = {
			isa = XCConfigurationList;
			buildConfigurations = (
				4E7A46EB1BEC3C4400513F49 /* Debug */,
				4E7A46EC1BEC3C4400513F49 /* Release */,
			);
			defaultConfigurationIsVisible = 0;
			defaultConfigurationName = Release;
		};
		4E7A46ED1BEC3C4400513F49 /* Build configuration list for PBXNativeTarget "安全密码的domeUITests" */ = {
			isa = XCConfigurationList;
			buildConfigurations = (
				4E7A46EE1BEC3C4400513F49 /* Debug */,
				4E7A46EF1BEC3C4400513F49 /* Release */,
			);
			defaultConfigurationIsVisible = 0;
			defaultConfigurationName = Release;
		};
/* End XCConfigurationList section */
	};
	rootObject = 4E7A46B21BEC3C4400513F49 /* Project object */;
}
